schema: '2.0'
stages:
  always_run:
    cmd: python rough/test.py
    outs:
    - path: rough/test.txt
      md5: 0b26e313ed4a7ca6904b0e9369e5b957
      size: 19
  load_data:
    cmd: python src/stage_01_load_save.py --config=config/config.yaml
    deps:
    - path: config/config.yaml
      md5: 5ea770cabef7863b3c0c2a54a7a0ef38
      size: 391
    - path: src/stage_01_load_save.py
      md5: 3c273b6ad51b9fd7362fcf3146981392
      size: 1039
    - path: src/utils/all_utils.py
      md5: ee37c19085e1896b83877daaa7131e45
      size: 734
    outs:
    - path: artifacts/raw_local_dir/data.csv
      md5: 7d814a1bda02145efe703f4e1c01847a
      size: 91999
  split_data:
    cmd: python src/stage_02_split_data.py --config=config/config.yaml --params=params.yaml
    deps:
    - path: artifacts/raw_local_dir/data.csv
      md5: 7d814a1bda02145efe703f4e1c01847a
      size: 91999
    - path: config/config.yaml
      md5: 5ea770cabef7863b3c0c2a54a7a0ef38
      size: 391
    - path: src/stage_02_split_data.py
      md5: 8c86fe3953959b6238a0f9392ac09971
      size: 1654
    - path: src/utils/all_utils.py
      md5: ee37c19085e1896b83877daaa7131e45
      size: 734
    params:
      params.yaml:
        base.random_state: 42
        base.test_size: 0.3
    outs:
    - path: artifacts/split_data_dir/test.csv
      md5: 3a3eef9f920deae72cb9bcd7b91231f1
      size: 27688
    - path: artifacts/split_data_dir/train.csv
      md5: 5e5a3523f0fba3925dc577c3baf2c5cd
      size: 64457
  train:
    cmd: python src/stage_03_train.py --config=config/config.yaml --params=params.yaml
    deps:
    - path: artifacts/split_data_dir/train.csv
      md5: 5e5a3523f0fba3925dc577c3baf2c5cd
      size: 64457
    - path: config/config.yaml
      md5: 5ea770cabef7863b3c0c2a54a7a0ef38
      size: 391
    - path: src/stage_03_train.py
      md5: fee70aabfd4517aaa5292db1549654ac
      size: 1668
    - path: src/utils/all_utils.py
      md5: ee37c19085e1896b83877daaa7131e45
      size: 734
    params:
      params.yaml:
        base.random_state: 42
        model_params.ElsaticNet.params.alpha: 0.5
        model_params.ElsaticNet.params.l1_ratio: 0.5
    outs:
    - path: artifacts/model_dir/ElasticNet.model
      md5: cf972b0487ac1a1d8244e3daf72ff18f
      size: 1314
  evaluate:
    cmd: python src/stage_04_evaluate.py --config=config/config.yaml --params=params.yaml
    deps:
    - path: artifacts/model_dir/ElasticNet.model
      md5: cf972b0487ac1a1d8244e3daf72ff18f
      size: 1314
    - path: artifacts/split_data_dir/test.csv
      md5: 3a3eef9f920deae72cb9bcd7b91231f1
      size: 27688
    - path: config/config.yaml
      md5: 5ea770cabef7863b3c0c2a54a7a0ef38
      size: 391
    - path: src/stage_04_evaluate.py
      md5: f7604115fbf8032557414e3295cf31d2
      size: 2141
    - path: src/utils/all_utils.py
      md5: ee37c19085e1896b83877daaa7131e45
      size: 734
    outs:
    - path: artifacts/reports_dir/scores.json
      md5: 0c5d4198364b857d9f249c16463c99d8
      size: 96
